
Microsoft Visual Studio Solution File, Format Version 12.00
# Visual Studio Version 16
VisualStudioVersion = 16.0.30717.126
MinimumVisualStudioVersion = 10.0.40219.1
Project("{FAE04EC0-301F-11D3-BF4B-00C04F79EFBC}") = "visstd-test", "visstd-test.csproj", "{AFAED96C-7B7A-4BA0-B2A2-C231C924D48F}"
EndProject
Global
	GlobalSection(SolutionConfigurationPlatforms) = preSolution
		Debug|Any CPU = Debug|Any CPU
		Release|Any CPU = Release|Any CPU
	EndGlobalSection
	GlobalSection(ProjectConfigurationPlatforms) = postSolution
		{AFAED96C-7B7A-4BA0-B2A2-C231C924D48F}.Debug|Any CPU.ActiveCfg = Debug|Any CPU
		{AFAED96C-7B7A-4BA0-B2A2-C231C924D48F}.Debug|Any CPU.Build.0 = Debug|Any CPU
		{AFAED96C-7B7A-4BA0-B2A2-C231C924D48F}.Release|Any CPU.ActiveCfg = Release|Any CPU
		{AFAED96C-7B7A-4BA0-B2A2-C231C924D48F}.Release|Any CPU.Build.0 = Release|Any CPU
	EndGlobalSection
	GlobalSection(SolutionProperties) = preSolution
		HideSolutionNode = FALSE
	EndGlobalSection
	GlobalSection(ExtensibilityGlobals) = postSolution
		SolutionGuid = {F02294E9-41AF-4922-8431-6D626ECA388B}
	EndGlobalSection
EndGlobal
